
Microsoft Visual Studio Solution File, Format Version 12.00
# Visual Studio 15
VisualStudioVersion = 15.0.28307.902
MinimumVisualStudioVersion = 10.0.40219.1
Project("{9A19103F-16F7-4668-BE54-9A1E7A4F7556}") = "employee_web_api", "employee_web_api\employee_web_api.csproj", "{68113299-A982-482D-8B7E-B989E9CB2D38}"
EndProject
Project("{FAE04EC0-301F-11D3-BF4B-00C04F79EFBC}") = "employee_web_api.Test", "employee_web_api.Test\employee_web_api.Test.csproj", "{8573C74B-7C63-4DAE-B821-B92763D3CC8B}"
EndProject
Global
	GlobalSection(SolutionConfigurationPlatforms) = preSolution
		Debug|Any CPU = Debug|Any CPU
		Release|Any CPU = Release|Any CPU
	EndGlobalSection
	GlobalSection(ProjectConfigurationPlatforms) = postSolution
		{68113299-A982-482D-8B7E-B989E9CB2D38}.Debug|Any CPU.ActiveCfg = Debug|Any CPU
		{68113299-A982-482D-8B7E-B989E9CB2D38}.Debug|Any CPU.Build.0 = Debug|Any CPU
		{68113299-A982-482D-8B7E-B989E9CB2D38}.Release|Any CPU.ActiveCfg = Release|Any CPU
		{68113299-A982-482D-8B7E-B989E9CB2D38}.Release|Any CPU.Build.0 = Release|Any CPU
		{8573C74B-7C63-4DAE-B821-B92763D3CC8B}.Debug|Any CPU.ActiveCfg = Debug|Any CPU
		{8573C74B-7C63-4DAE-B821-B92763D3CC8B}.Debug|Any CPU.Build.0 = Debug|Any CPU
		{8573C74B-7C63-4DAE-B821-B92763D3CC8B}.Release|Any CPU.ActiveCfg = Release|Any CPU
		{8573C74B-7C63-4DAE-B821-B92763D3CC8B}.Release|Any CPU.Build.0 = Release|Any CPU
	EndGlobalSection
	GlobalSection(SolutionProperties) = preSolution
		HideSolutionNode = FALSE
	EndGlobalSection
	GlobalSection(ExtensibilityGlobals) = postSolution
		SolutionGuid = {38AE69B5-1269-4D1E-A5E1-5D9387692D0C}
	EndGlobalSection
EndGlobal
